
Microsoft Visual Studio Solution File, Format Version 12.00
# Visual Studio 15
VisualStudioVersion = 15.0.28010.2016
MinimumVisualStudioVersion = 10.0.40219.1
Project("{FAE04EC0-301F-11D3-BF4B-00C04F79EFBC}") = "WebApplication1", "WebApplication1\WebApplication1.csproj", "{810622EA-4B5C-49DE-9FAE-134E2E94DA50}"
EndProject
Global
	GlobalSection(SolutionConfigurationPlatforms) = preSolution
		Debug|Any CPU = Debug|Any CPU
		Release|Any CPU = Release|Any CPU
	EndGlobalSection
	GlobalSection(ProjectConfigurationPlatforms) = postSolution
		{810622EA-4B5C-49DE-9FAE-134E2E94DA50}.Debug|Any CPU.ActiveCfg = Debug|Any CPU
		{810622EA-4B5C-49DE-9FAE-134E2E94DA50}.Debug|Any CPU.Build.0 = Debug|Any CPU
		{810622EA-4B5C-49DE-9FAE-134E2E94DA50}.Release|Any CPU.ActiveCfg = Release|Any CPU
		{810622EA-4B5C-49DE-9FAE-134E2E94DA50}.Release|Any CPU.Build.0 = Release|Any CPU
	EndGlobalSection
	GlobalSection(SolutionProperties) = preSolution
		HideSolutionNode = FALSE
	EndGlobalSection
	GlobalSection(ExtensibilityGlobals) = postSolution
		SolutionGuid = {3BAA7681-2D05-4C74-94B0-07E9EF9E2D11}
	EndGlobalSection
EndGlobal
